
Microsoft Visual Studio Solution File, Format Version 12.00
# Visual Studio Version 16
VisualStudioVersion = 16.0.30621.155
MinimumVisualStudioVersion = 10.0.40219.1
Project("{FAE04EC0-301F-11D3-BF4B-00C04F79EFBC}") = "Task_1", "Task_1\Task_1.csproj", "{2097D923-D312-4CB5-842D-D61F900F236F}"
EndProject
Project("{FAE04EC0-301F-11D3-BF4B-00C04F79EFBC}") = "Task_2", "Task_2\Task_2.csproj", "{D39503B6-853C-442C-A626-C3E35E8CFF13}"
EndProject
Project("{FAE04EC0-301F-11D3-BF4B-00C04F79EFBC}") = "Task_3", "Task_3\Task_3.csproj", "{60B4B89A-741D-4AC5-ABE6-6CA23403F7B3}"
EndProject
Global
	GlobalSection(SolutionConfigurationPlatforms) = preSolution
		Debug|Any CPU = Debug|Any CPU
		Release|Any CPU = Release|Any CPU
	EndGlobalSection
	GlobalSection(ProjectConfigurationPlatforms) = postSolution
		{2097D923-D312-4CB5-842D-D61F900F236F}.Debug|Any CPU.ActiveCfg = Debug|Any CPU
		{2097D923-D312-4CB5-842D-D61F900F236F}.Debug|Any CPU.Build.0 = Debug|Any CPU
		{2097D923-D312-4CB5-842D-D61F900F236F}.Release|Any CPU.ActiveCfg = Release|Any CPU
		{2097D923-D312-4CB5-842D-D61F900F236F}.Release|Any CPU.Build.0 = Release|Any CPU
		{D39503B6-853C-442C-A626-C3E35E8CFF13}.Debug|Any CPU.ActiveCfg = Debug|Any CPU
		{D39503B6-853C-442C-A626-C3E35E8CFF13}.Debug|Any CPU.Build.0 = Debug|Any CPU
		{D39503B6-853C-442C-A626-C3E35E8CFF13}.Release|Any CPU.ActiveCfg = Release|Any CPU
		{D39503B6-853C-442C-A626-C3E35E8CFF13}.Release|Any CPU.Build.0 = Release|Any CPU
		{60B4B89A-741D-4AC5-ABE6-6CA23403F7B3}.Debug|Any CPU.ActiveCfg = Debug|Any CPU
		{60B4B89A-741D-4AC5-ABE6-6CA23403F7B3}.Debug|Any CPU.Build.0 = Debug|Any CPU
		{60B4B89A-741D-4AC5-ABE6-6CA23403F7B3}.Release|Any CPU.ActiveCfg = Release|Any CPU
		{60B4B89A-741D-4AC5-ABE6-6CA23403F7B3}.Release|Any CPU.Build.0 = Release|Any CPU
	EndGlobalSection
	GlobalSection(SolutionProperties) = preSolution
		HideSolutionNode = FALSE
	EndGlobalSection
	GlobalSection(ExtensibilityGlobals) = postSolution
		SolutionGuid = {C7665512-D070-4401-B8B0-974F2E30510F}
	EndGlobalSection
EndGlobal
