
Microsoft Visual Studio Solution File, Format Version 12.00
# Visual Studio Version 16
VisualStudioVersion = 16.0.30621.155
MinimumVisualStudioVersion = 10.0.40219.1
Project("{FAE04EC0-301F-11D3-BF4B-00C04F79EFBC}") = "Task_1", "Task_1\Task_1.csproj", "{096A35F1-A19D-4116-9C7D-10AB034DE40F}"
EndProject
Project("{FAE04EC0-301F-11D3-BF4B-00C04F79EFBC}") = "Task_2", "Task_2\Task_2.csproj", "{42B00865-0131-46E7-96C2-03AF1CA007F0}"
EndProject
Global
	GlobalSection(SolutionConfigurationPlatforms) = preSolution
		Debug|Any CPU = Debug|Any CPU
		Release|Any CPU = Release|Any CPU
	EndGlobalSection
	GlobalSection(ProjectConfigurationPlatforms) = postSolution
		{096A35F1-A19D-4116-9C7D-10AB034DE40F}.Debug|Any CPU.ActiveCfg = Debug|Any CPU
		{096A35F1-A19D-4116-9C7D-10AB034DE40F}.Debug|Any CPU.Build.0 = Debug|Any CPU
		{096A35F1-A19D-4116-9C7D-10AB034DE40F}.Release|Any CPU.ActiveCfg = Release|Any CPU
		{096A35F1-A19D-4116-9C7D-10AB034DE40F}.Release|Any CPU.Build.0 = Release|Any CPU
		{42B00865-0131-46E7-96C2-03AF1CA007F0}.Debug|Any CPU.ActiveCfg = Debug|Any CPU
		{42B00865-0131-46E7-96C2-03AF1CA007F0}.Debug|Any CPU.Build.0 = Debug|Any CPU
		{42B00865-0131-46E7-96C2-03AF1CA007F0}.Release|Any CPU.ActiveCfg = Release|Any CPU
		{42B00865-0131-46E7-96C2-03AF1CA007F0}.Release|Any CPU.Build.0 = Release|Any CPU
	EndGlobalSection
	GlobalSection(SolutionProperties) = preSolution
		HideSolutionNode = FALSE
	EndGlobalSection
	GlobalSection(ExtensibilityGlobals) = postSolution
		SolutionGuid = {81711707-B51A-40F5-AB87-1928137B8C86}
	EndGlobalSection
EndGlobal
