
Microsoft Visual Studio Solution File, Format Version 12.00
# Visual Studio Version 16
VisualStudioVersion = 16.0.30413.136
MinimumVisualStudioVersion = 10.0.40219.1
Project("{FAE04EC0-301F-11D3-BF4B-00C04F79EFBC}") = "Task_1", "Task_1\Task_1.csproj", "{5DA5F0CC-8A89-4337-9784-99AF29FA0955}"
EndProject
Project("{FAE04EC0-301F-11D3-BF4B-00C04F79EFBC}") = "Task_2", "Task_2\Task_2.csproj", "{A6CE7255-E513-43B9-85C1-00915DC45E4B}"
EndProject
Project("{FAE04EC0-301F-11D3-BF4B-00C04F79EFBC}") = "Task_3", "Task_3\Task_3.csproj", "{482E2426-FA6C-4E46-A5E4-B90717C08695}"
EndProject
Project("{FAE04EC0-301F-11D3-BF4B-00C04F79EFBC}") = "Task_4", "Task_4\Task_4.csproj", "{BEC88665-1222-453B-A7FA-E9839C0A1223}"
EndProject
Project("{FAE04EC0-301F-11D3-BF4B-00C04F79EFBC}") = "Task_5", "Task_5\Task_5.csproj", "{2AACAA79-1422-44C8-9F36-15F8D6FE9D42}"
EndProject
Project("{FAE04EC0-301F-11D3-BF4B-00C04F79EFBC}") = "Task_6", "Task_6\Task_6.csproj", "{5D3AD22F-25D6-437F-85A2-B9F927444C41}"
EndProject
Project("{FAE04EC0-301F-11D3-BF4B-00C04F79EFBC}") = "Task_7", "Task_7\Task_7.csproj", "{C45192EC-18A1-4EE9-9947-A9E8F465C348}"
EndProject
Global
	GlobalSection(SolutionConfigurationPlatforms) = preSolution
		Debug|Any CPU = Debug|Any CPU
		Release|Any CPU = Release|Any CPU
	EndGlobalSection
	GlobalSection(ProjectConfigurationPlatforms) = postSolution
		{5DA5F0CC-8A89-4337-9784-99AF29FA0955}.Debug|Any CPU.ActiveCfg = Debug|Any CPU
		{5DA5F0CC-8A89-4337-9784-99AF29FA0955}.Debug|Any CPU.Build.0 = Debug|Any CPU
		{5DA5F0CC-8A89-4337-9784-99AF29FA0955}.Release|Any CPU.ActiveCfg = Release|Any CPU
		{5DA5F0CC-8A89-4337-9784-99AF29FA0955}.Release|Any CPU.Build.0 = Release|Any CPU
		{A6CE7255-E513-43B9-85C1-00915DC45E4B}.Debug|Any CPU.ActiveCfg = Debug|Any CPU
		{A6CE7255-E513-43B9-85C1-00915DC45E4B}.Debug|Any CPU.Build.0 = Debug|Any CPU
		{A6CE7255-E513-43B9-85C1-00915DC45E4B}.Release|Any CPU.ActiveCfg = Release|Any CPU
		{A6CE7255-E513-43B9-85C1-00915DC45E4B}.Release|Any CPU.Build.0 = Release|Any CPU
		{482E2426-FA6C-4E46-A5E4-B90717C08695}.Debug|Any CPU.ActiveCfg = Debug|Any CPU
		{482E2426-FA6C-4E46-A5E4-B90717C08695}.Debug|Any CPU.Build.0 = Debug|Any CPU
		{482E2426-FA6C-4E46-A5E4-B90717C08695}.Release|Any CPU.ActiveCfg = Release|Any CPU
		{482E2426-FA6C-4E46-A5E4-B90717C08695}.Release|Any CPU.Build.0 = Release|Any CPU
		{BEC88665-1222-453B-A7FA-E9839C0A1223}.Debug|Any CPU.ActiveCfg = Debug|Any CPU
		{BEC88665-1222-453B-A7FA-E9839C0A1223}.Debug|Any CPU.Build.0 = Debug|Any CPU
		{BEC88665-1222-453B-A7FA-E9839C0A1223}.Release|Any CPU.ActiveCfg = Release|Any CPU
		{BEC88665-1222-453B-A7FA-E9839C0A1223}.Release|Any CPU.Build.0 = Release|Any CPU
		{2AACAA79-1422-44C8-9F36-15F8D6FE9D42}.Debug|Any CPU.ActiveCfg = Debug|Any CPU
		{2AACAA79-1422-44C8-9F36-15F8D6FE9D42}.Debug|Any CPU.Build.0 = Debug|Any CPU
		{2AACAA79-1422-44C8-9F36-15F8D6FE9D42}.Release|Any CPU.ActiveCfg = Release|Any CPU
		{2AACAA79-1422-44C8-9F36-15F8D6FE9D42}.Release|Any CPU.Build.0 = Release|Any CPU
		{5D3AD22F-25D6-437F-85A2-B9F927444C41}.Debug|Any CPU.ActiveCfg = Debug|Any CPU
		{5D3AD22F-25D6-437F-85A2-B9F927444C41}.Debug|Any CPU.Build.0 = Debug|Any CPU
		{5D3AD22F-25D6-437F-85A2-B9F927444C41}.Release|Any CPU.ActiveCfg = Release|Any CPU
		{5D3AD22F-25D6-437F-85A2-B9F927444C41}.Release|Any CPU.Build.0 = Release|Any CPU
		{C45192EC-18A1-4EE9-9947-A9E8F465C348}.Debug|Any CPU.ActiveCfg = Debug|Any CPU
		{C45192EC-18A1-4EE9-9947-A9E8F465C348}.Debug|Any CPU.Build.0 = Debug|Any CPU
		{C45192EC-18A1-4EE9-9947-A9E8F465C348}.Release|Any CPU.ActiveCfg = Release|Any CPU
		{C45192EC-18A1-4EE9-9947-A9E8F465C348}.Release|Any CPU.Build.0 = Release|Any CPU
	EndGlobalSection
	GlobalSection(SolutionProperties) = preSolution
		HideSolutionNode = FALSE
	EndGlobalSection
	GlobalSection(ExtensibilityGlobals) = postSolution
		SolutionGuid = {15CA6137-30F8-43D0-819B-7C082C79B7C1}
	EndGlobalSection
EndGlobal
